
Microsoft Visual Studio Solution File, Format Version 12.00
# Visual Studio 15
VisualStudioVersion = 15.0.28307.168
MinimumVisualStudioVersion = 10.0.40219.1
Project("{FAE04EC0-301F-11D3-BF4B-00C04F79EFBC}") = "Day2", "Day2\Day2.csproj", "{E29D9C4E-D225-412B-8F32-576E375A1137}"
EndProject
Project("{FAE04EC0-301F-11D3-BF4B-00C04F79EFBC}") = "Day2_Tests", "Day2_Tests\Day2_Tests.csproj", "{E3183527-9C1E-49D7-A88E-EDFB53635FAE}"
EndProject
Project("{FAE04EC0-301F-11D3-BF4B-00C04F79EFBC}") = "Day3", "Day3\Day3.csproj", "{2B1CA6E8-683D-46C3-B31C-7ABC96ACAC64}"
EndProject
Global
	GlobalSection(SolutionConfigurationPlatforms) = preSolution
		Debug|Any CPU = Debug|Any CPU
		Release|Any CPU = Release|Any CPU
	EndGlobalSection
	GlobalSection(ProjectConfigurationPlatforms) = postSolution
		{E29D9C4E-D225-412B-8F32-576E375A1137}.Debug|Any CPU.ActiveCfg = Debug|Any CPU
		{E29D9C4E-D225-412B-8F32-576E375A1137}.Debug|Any CPU.Build.0 = Debug|Any CPU
		{E29D9C4E-D225-412B-8F32-576E375A1137}.Release|Any CPU.ActiveCfg = Release|Any CPU
		{E29D9C4E-D225-412B-8F32-576E375A1137}.Release|Any CPU.Build.0 = Release|Any CPU
		{E3183527-9C1E-49D7-A88E-EDFB53635FAE}.Debug|Any CPU.ActiveCfg = Debug|Any CPU
		{E3183527-9C1E-49D7-A88E-EDFB53635FAE}.Debug|Any CPU.Build.0 = Debug|Any CPU
		{E3183527-9C1E-49D7-A88E-EDFB53635FAE}.Release|Any CPU.ActiveCfg = Release|Any CPU
		{E3183527-9C1E-49D7-A88E-EDFB53635FAE}.Release|Any CPU.Build.0 = Release|Any CPU
		{2B1CA6E8-683D-46C3-B31C-7ABC96ACAC64}.Debug|Any CPU.ActiveCfg = Debug|Any CPU
		{2B1CA6E8-683D-46C3-B31C-7ABC96ACAC64}.Debug|Any CPU.Build.0 = Debug|Any CPU
		{2B1CA6E8-683D-46C3-B31C-7ABC96ACAC64}.Release|Any CPU.ActiveCfg = Release|Any CPU
		{2B1CA6E8-683D-46C3-B31C-7ABC96ACAC64}.Release|Any CPU.Build.0 = Release|Any CPU
	EndGlobalSection
	GlobalSection(SolutionProperties) = preSolution
		HideSolutionNode = FALSE
	EndGlobalSection
	GlobalSection(ExtensibilityGlobals) = postSolution
		SolutionGuid = {A8C3E826-6975-40D2-A339-9DB47DAF69C1}
	EndGlobalSection
EndGlobal
